
Microsoft Visual Studio Solution File, Format Version 12.00
# Visual Studio Version 16
VisualStudioVersion = 16.0.30907.101
MinimumVisualStudioVersion = 10.0.40219.1
Project("{FAE04EC0-301F-11D3-BF4B-00C04F79EFBC}") = "DataAccess", "DataAccess\DataAccess.csproj", "{49CB8912-FA67-4B9F-B1DD-CC59755B362A}"
EndProject
Project("{FAE04EC0-301F-11D3-BF4B-00C04F79EFBC}") = "Business", "Business\Business.csproj", "{783ED39B-9D95-4A8B-B45F-532EEFF4C236}"
EndProject
Project("{FAE04EC0-301F-11D3-BF4B-00C04F79EFBC}") = "Entities", "Entities\Entities.csproj", "{5EA31DB6-6016-46E8-A64C-0F3960350076}"
EndProject
Project("{FAE04EC0-301F-11D3-BF4B-00C04F79EFBC}") = "ConsoleUI", "ConsoleUI\ConsoleUI.csproj", "{1F63F003-92BF-4BA1-A8FF-4BC963E073AD}"
EndProject
Global
	GlobalSection(SolutionConfigurationPlatforms) = preSolution
		Debug|Any CPU = Debug|Any CPU
		Release|Any CPU = Release|Any CPU
	EndGlobalSection
	GlobalSection(ProjectConfigurationPlatforms) = postSolution
		{49CB8912-FA67-4B9F-B1DD-CC59755B362A}.Debug|Any CPU.ActiveCfg = Debug|Any CPU
		{49CB8912-FA67-4B9F-B1DD-CC59755B362A}.Debug|Any CPU.Build.0 = Debug|Any CPU
		{49CB8912-FA67-4B9F-B1DD-CC59755B362A}.Release|Any CPU.ActiveCfg = Release|Any CPU
		{49CB8912-FA67-4B9F-B1DD-CC59755B362A}.Release|Any CPU.Build.0 = Release|Any CPU
		{783ED39B-9D95-4A8B-B45F-532EEFF4C236}.Debug|Any CPU.ActiveCfg = Debug|Any CPU
		{783ED39B-9D95-4A8B-B45F-532EEFF4C236}.Debug|Any CPU.Build.0 = Debug|Any CPU
		{783ED39B-9D95-4A8B-B45F-532EEFF4C236}.Release|Any CPU.ActiveCfg = Release|Any CPU
		{783ED39B-9D95-4A8B-B45F-532EEFF4C236}.Release|Any CPU.Build.0 = Release|Any CPU
		{5EA31DB6-6016-46E8-A64C-0F3960350076}.Debug|Any CPU.ActiveCfg = Debug|Any CPU
		{5EA31DB6-6016-46E8-A64C-0F3960350076}.Debug|Any CPU.Build.0 = Debug|Any CPU
		{5EA31DB6-6016-46E8-A64C-0F3960350076}.Release|Any CPU.ActiveCfg = Release|Any CPU
		{5EA31DB6-6016-46E8-A64C-0F3960350076}.Release|Any CPU.Build.0 = Release|Any CPU
		{1F63F003-92BF-4BA1-A8FF-4BC963E073AD}.Debug|Any CPU.ActiveCfg = Debug|Any CPU
		{1F63F003-92BF-4BA1-A8FF-4BC963E073AD}.Debug|Any CPU.Build.0 = Debug|Any CPU
		{1F63F003-92BF-4BA1-A8FF-4BC963E073AD}.Release|Any CPU.ActiveCfg = Release|Any CPU
		{1F63F003-92BF-4BA1-A8FF-4BC963E073AD}.Release|Any CPU.Build.0 = Release|Any CPU
	EndGlobalSection
	GlobalSection(SolutionProperties) = preSolution
		HideSolutionNode = FALSE
	EndGlobalSection
	GlobalSection(ExtensibilityGlobals) = postSolution
		SolutionGuid = {A74200BB-E09E-4632-9777-5C4B05D0600E}
	EndGlobalSection
EndGlobal
